
Microsoft Visual Studio Solution File, Format Version 12.00
# Visual Studio Version 17
VisualStudioVersion = 17.5.33424.131
MinimumVisualStudioVersion = 10.0.40219.1
Project("{9A19103F-16F7-4668-BE54-9A1E7A4F7556}") = "Backend API", "Backend API\Backend API.csproj", "{5BD20DCD-E7AF-4FEE-8C03-785A0A9519A8}"
EndProject
Project("{9A19103F-16F7-4668-BE54-9A1E7A4F7556}") = "DAL", "DAL\DAL.csproj", "{3755F7FC-99DC-4B9B-95F1-D193A53EABE0}"
EndProject
Project("{9A19103F-16F7-4668-BE54-9A1E7A4F7556}") = "DTO", "DTO\DTO.csproj", "{79E94EF4-C454-482D-9A9F-6648108BBFFD}"
EndProject
Project("{FAE04EC0-301F-11D3-BF4B-00C04F79EFBC}") = "BLL", "BLL\BLL.csproj", "{B94DA084-A281-44C7-957B-3AD3D7EFBED1}"
EndProject
Global
	GlobalSection(SolutionConfigurationPlatforms) = preSolution
		Debug|Any CPU = Debug|Any CPU
		Release|Any CPU = Release|Any CPU
	EndGlobalSection
	GlobalSection(ProjectConfigurationPlatforms) = postSolution
		{5BD20DCD-E7AF-4FEE-8C03-785A0A9519A8}.Debug|Any CPU.ActiveCfg = Debug|Any CPU
		{5BD20DCD-E7AF-4FEE-8C03-785A0A9519A8}.Debug|Any CPU.Build.0 = Debug|Any CPU
		{5BD20DCD-E7AF-4FEE-8C03-785A0A9519A8}.Release|Any CPU.ActiveCfg = Release|Any CPU
		{5BD20DCD-E7AF-4FEE-8C03-785A0A9519A8}.Release|Any CPU.Build.0 = Release|Any CPU
		{3755F7FC-99DC-4B9B-95F1-D193A53EABE0}.Debug|Any CPU.ActiveCfg = Debug|Any CPU
		{3755F7FC-99DC-4B9B-95F1-D193A53EABE0}.Debug|Any CPU.Build.0 = Debug|Any CPU
		{3755F7FC-99DC-4B9B-95F1-D193A53EABE0}.Release|Any CPU.ActiveCfg = Release|Any CPU
		{3755F7FC-99DC-4B9B-95F1-D193A53EABE0}.Release|Any CPU.Build.0 = Release|Any CPU
		{79E94EF4-C454-482D-9A9F-6648108BBFFD}.Debug|Any CPU.ActiveCfg = Debug|Any CPU
		{79E94EF4-C454-482D-9A9F-6648108BBFFD}.Debug|Any CPU.Build.0 = Debug|Any CPU
		{79E94EF4-C454-482D-9A9F-6648108BBFFD}.Release|Any CPU.ActiveCfg = Release|Any CPU
		{79E94EF4-C454-482D-9A9F-6648108BBFFD}.Release|Any CPU.Build.0 = Release|Any CPU
		{B94DA084-A281-44C7-957B-3AD3D7EFBED1}.Debug|Any CPU.ActiveCfg = Debug|Any CPU
		{B94DA084-A281-44C7-957B-3AD3D7EFBED1}.Debug|Any CPU.Build.0 = Debug|Any CPU
		{B94DA084-A281-44C7-957B-3AD3D7EFBED1}.Release|Any CPU.ActiveCfg = Release|Any CPU
		{B94DA084-A281-44C7-957B-3AD3D7EFBED1}.Release|Any CPU.Build.0 = Release|Any CPU
	EndGlobalSection
	GlobalSection(SolutionProperties) = preSolution
		HideSolutionNode = FALSE
	EndGlobalSection
	GlobalSection(ExtensibilityGlobals) = postSolution
		SolutionGuid = {B7ED7B87-6E15-46AD-A88D-4061FD4D7F09}
	EndGlobalSection
EndGlobal
